// !$*UTF8*$!
{
	archiveVersion = 1;
	classes = {
	};
	objectVersion = 48;
	objects = {

/* Begin PBXBuildFile section */
		26FA3CD7C925E38476A6126E /* Pods_AlzStudy.framework in Frameworks */ = {isa = PBXBuildFile; fileRef = 3EBAC744FD5FFE42460BD6E0 /* Pods_AlzStudy.framework */; };
		9919AFBF1FACEAD4008612A0 /* AppDelegate.swift in Sources */ = {isa = PBXBuildFile; fileRef = 9919AFBE1FACEAD4008612A0 /* AppDelegate.swift */; };
		9919AFC41FACEAD4008612A0 /* Main.storyboard in Resources */ = {isa = PBXBuildFile; fileRef = 9919AFC21FACEAD4008612A0 /* Main.storyboard */; };
		9919AFC61FACEAD4008612A0 /* Assets.xcassets in Resources */ = {isa = PBXBuildFile; fileRef = 9919AFC51FACEAD4008612A0 /* Assets.xcassets */; };
		9919AFC91FACEAD4008612A0 /* LaunchScreen.storyboard in Resources */ = {isa = PBXBuildFile; fileRef = 9919AFC71FACEAD4008612A0 /* LaunchScreen.storyboard */; };
		9919AFD41FACEAD4008612A0 /* AlzStudyTests.swift in Sources */ = {isa = PBXBuildFile; fileRef = 9919AFD31FACEAD4008612A0 /* AlzStudyTests.swift */; };
		995C3CE81FDE7B8100D2FD38 /* JoinButtonResponder.swift in Sources */ = {isa = PBXBuildFile; fileRef = 995C3CE71FDE7B8100D2FD38 /* JoinButtonResponder.swift */; };
		995C3CEA1FDE7CF400D2FD38 /* HelperMethods.swift in Sources */ = {isa = PBXBuildFile; fileRef = 995C3CE91FDE7CF300D2FD38 /* HelperMethods.swift */; };
		995C3CEC1FDE7FD700D2FD38 /* AboutYouData.swift in Sources */ = {isa = PBXBuildFile; fileRef = 995C3CEB1FDE7FD700D2FD38 /* AboutYouData.swift */; };
		9969D8851FAF1AEB00196C82 /* WalkThroughViewController.swift in Sources */ = {isa = PBXBuildFile; fileRef = 9969D8841FAF1AEB00196C82 /* WalkThroughViewController.swift */; };
		9969D8871FAF1B1900196C82 /* CardsDataSource.swift in Sources */ = {isa = PBXBuildFile; fileRef = 9969D8861FAF1B1900196C82 /* CardsDataSource.swift */; };
		9969D8891FAF1B6A00196C82 /* WalkThrough.storyboard in Resources */ = {isa = PBXBuildFile; fileRef = 9969D8881FAF1B6A00196C82 /* WalkThrough.storyboard */; };
		9969D8901FAF1BC800196C82 /* Protocols.swift in Sources */ = {isa = PBXBuildFile; fileRef = 9969D88F1FAF1BC800196C82 /* Protocols.swift */; };
		9969D8941FAF235100196C82 /* CollectionView+Extensions.swift in Sources */ = {isa = PBXBuildFile; fileRef = 9969D8931FAF235100196C82 /* CollectionView+Extensions.swift */; };
		9969D8971FAF243800196C82 /* CardViewData.swift in Sources */ = {isa = PBXBuildFile; fileRef = 9969D8961FAF243800196C82 /* CardViewData.swift */; };
		9969D89D1FAF25A100196C82 /* CardViewCell.swift in Sources */ = {isa = PBXBuildFile; fileRef = 9969D89C1FAF25A100196C82 /* CardViewCell.swift */; };
		9969D89F1FAF27CE00196C82 /* Storyboard.swift in Sources */ = {isa = PBXBuildFile; fileRef = 9969D89E1FAF27CE00196C82 /* Storyboard.swift */; };
		9969D8AF1FAF2E9500196C82 /* UIColor.swift in Sources */ = {isa = PBXBuildFile; fileRef = 9969D8AE1FAF2E9500196C82 /* UIColor.swift */; };
		9969D8B11FAF2EE900196C82 /* Theme.swift in Sources */ = {isa = PBXBuildFile; fileRef = 9969D8B01FAF2EE900196C82 /* Theme.swift */; };
		9969D8B41FAF3AC500196C82 /* LocalStorage.swift in Sources */ = {isa = PBXBuildFile; fileRef = 9969D8B31FAF3AC500196C82 /* LocalStorage.swift */; };
		9969D8B91FAF3CA900196C82 /* Registration.storyboard in Resources */ = {isa = PBXBuildFile; fileRef = 9969D8B81FAF3CA900196C82 /* Registration.storyboard */; };
		9969D8BB1FAF3DCB00196C82 /* ContainerViewController.swift in Sources */ = {isa = PBXBuildFile; fileRef = 9969D8BA1FAF3DCB00196C82 /* ContainerViewController.swift */; };
		9969D8BE1FAF407300196C82 /* QuestionViewController.swift in Sources */ = {isa = PBXBuildFile; fileRef = 9969D8BD1FAF407300196C82 /* QuestionViewController.swift */; };
		9969D8C01FAF508500196C82 /* ConsentViewController.swift in Sources */ = {isa = PBXBuildFile; fileRef = 9969D8BF1FAF508500196C82 /* ConsentViewController.swift */; };
		9992E3EA1FED3D6600DF3F3E /* FirebaseConfigService.swift in Sources */ = {isa = PBXBuildFile; fileRef = 9992E3E91FED3D6600DF3F3E /* FirebaseConfigService.swift */; };
		9995B6881FAF7555000AAEFD /* Setup.storyboard in Resources */ = {isa = PBXBuildFile; fileRef = 9995B6871FAF7555000AAEFD /* Setup.storyboard */; };
		9995B68A1FAF7571000AAEFD /* AboutYouViewController.swift in Sources */ = {isa = PBXBuildFile; fileRef = 9995B6891FAF7571000AAEFD /* AboutYouViewController.swift */; };
		9995B68E1FAF78DA000AAEFD /* InfoCell.swift in Sources */ = {isa = PBXBuildFile; fileRef = 9995B68D1FAF78DA000AAEFD /* InfoCell.swift */; };
		9995B6931FAF7B61000AAEFD /* ParameterViewData.swift in Sources */ = {isa = PBXBuildFile; fileRef = 9995B6921FAF7B61000AAEFD /* ParameterViewData.swift */; };
		99A34EF41FB87B3700F33BCF /* Auth.swift in Sources */ = {isa = PBXBuildFile; fileRef = 99A34EF31FB87B3700F33BCF /* Auth.swift */; };
		99A34EF71FB8913400F33BCF /* WalkThroughViewModel.swift in Sources */ = {isa = PBXBuildFile; fileRef = 99A34EF61FB8913400F33BCF /* WalkThroughViewModel.swift */; };
		99A34EFA1FB8925200F33BCF /* BaseViewController.swift in Sources */ = {isa = PBXBuildFile; fileRef = 99A34EF91FB8925200F33BCF /* BaseViewController.swift */; };
		99A34EFC1FB894C200F33BCF /* CardsFactory.swift in Sources */ = {isa = PBXBuildFile; fileRef = 99A34EFB1FB894C200F33BCF /* CardsFactory.swift */; };
		99A34EFE1FB8954A00F33BCF /* ValueCellDataSource.swift in Sources */ = {isa = PBXBuildFile; fileRef = 99A34EFD1FB8954A00F33BCF /* ValueCellDataSource.swift */; };
		99A34F001FB8956200F33BCF /* ValueCell.swift in Sources */ = {isa = PBXBuildFile; fileRef = 99A34EFF1FB8956200F33BCF /* ValueCell.swift */; };
		99B449FF1FD5C3F7009821C1 /* TakeWhen.swift in Sources */ = {isa = PBXBuildFile; fileRef = 99B449FE1FD5C3F7009821C1 /* TakeWhen.swift */; };
		99B44A011FD5C4C1009821C1 /* WithLatestFrom.swift in Sources */ = {isa = PBXBuildFile; fileRef = 99B44A001FD5C4C1009821C1 /* WithLatestFrom.swift */; };
		99B44A031FD5C6CB009821C1 /* TodayViewController.swift in Sources */ = {isa = PBXBuildFile; fileRef = 99B44A021FD5C6CB009821C1 /* TodayViewController.swift */; };
		99C1E6BC1FB856B6008C79B9 /* ObserveForUI.swift in Sources */ = {isa = PBXBuildFile; fileRef = 99C1E6BB1FB856B6008C79B9 /* ObserveForUI.swift */; };
		99C1E6EB1FB858BC008C79B9 /* RootScreenService.swift in Sources */ = {isa = PBXBuildFile; fileRef = 99C1E6EA1FB858BC008C79B9 /* RootScreenService.swift */; };
		99C1E6ED1FB85954008C79B9 /* Environment.swift in Sources */ = {isa = PBXBuildFile; fileRef = 99C1E6EC1FB85954008C79B9 /* Environment.swift */; };
		99C1E6EF1FB8595D008C79B9 /* AppEnvironment.swift in Sources */ = {isa = PBXBuildFile; fileRef = 99C1E6EE1FB8595D008C79B9 /* AppEnvironment.swift */; };
		99C5E0831FD5CE7C00CEF351 /* PNGenericChart.swift in Sources */ = {isa = PBXBuildFile; fileRef = 99C5E0781FD5CE7B00CEF351 /* PNGenericChart.swift */; };
		99C5E0841FD5CE7C00CEF351 /* PNBarChart.swift in Sources */ = {isa = PBXBuildFile; fileRef = 99C5E0791FD5CE7B00CEF351 /* PNBarChart.swift */; };
		99C5E0851FD5CE7C00CEF351 /* PNLineChartDataItem.swift in Sources */ = {isa = PBXBuildFile; fileRef = 99C5E07A1FD5CE7B00CEF351 /* PNLineChartDataItem.swift */; };
		99C5E0861FD5CE7C00CEF351 /* PNBar.swift in Sources */ = {isa = PBXBuildFile; fileRef = 99C5E07B1FD5CE7B00CEF351 /* PNBar.swift */; };
		99C5E0871FD5CE7C00CEF351 /* PNPieChart.swift in Sources */ = {isa = PBXBuildFile; fileRef = 99C5E07C1FD5CE7B00CEF351 /* PNPieChart.swift */; };
		99C5E0881FD5CE7C00CEF351 /* PNPieChartDataItem.swift in Sources */ = {isa = PBXBuildFile; fileRef = 99C5E07D1FD5CE7C00CEF351 /* PNPieChartDataItem.swift */; };
		99C5E0891FD5CE7C00CEF351 /* PNChartLabel.swift in Sources */ = {isa = PBXBuildFile; fileRef = 99C5E07E1FD5CE7C00CEF351 /* PNChartLabel.swift */; };
		99C5E08A1FD5CE7C00CEF351 /* PNValue.swift in Sources */ = {isa = PBXBuildFile; fileRef = 99C5E07F1FD5CE7C00CEF351 /* PNValue.swift */; };
		99C5E08B1FD5CE7C00CEF351 /* PNLineChartData.swift in Sources */ = {isa = PBXBuildFile; fileRef = 99C5E0801FD5CE7C00CEF351 /* PNLineChartData.swift */; };
		99C5E08C1FD5CE7C00CEF351 /* PNColor.swift in Sources */ = {isa = PBXBuildFile; fileRef = 99C5E0811FD5CE7C00CEF351 /* PNColor.swift */; };
		99C5E08D1FD5CE7C00CEF351 /* PNLineChart.swift in Sources */ = {isa = PBXBuildFile; fileRef = 99C5E0821FD5CE7C00CEF351 /* PNLineChart.swift */; };
		99DBCEDA1FC1A17A004CA222 /* CardCellViewModel.swift in Sources */ = {isa = PBXBuildFile; fileRef = 99DBCED91FC1A17A004CA222 /* CardCellViewModel.swift */; };
		99FD17C31FAF6FAE009D320A /* RegistrationViewController2.swift in Sources */ = {isa = PBXBuildFile; fileRef = 99FD17C21FAF6FAE009D320A /* RegistrationViewController2.swift */; };
		B503816A1FEFAD12003265B9 /* AppearanceService.swift in Sources */ = {isa = PBXBuildFile; fileRef = B50381691FEFAD12003265B9 /* AppearanceService.swift */; };
		B503816C1FEFAE8C003265B9 /* UIView+Shadow.swift in Sources */ = {isa = PBXBuildFile; fileRef = B503816B1FEFAE8C003265B9 /* UIView+Shadow.swift */; };
		B503816E1FEFB2A8003265B9 /* UICollectionViewCell+Animations.swift in Sources */ = {isa = PBXBuildFile; fileRef = B503816D1FEFB2A8003265B9 /* UICollectionViewCell+Animations.swift */; };
		B50381711FEFD051003265B9 /* DailyTaskService.swift in Sources */ = {isa = PBXBuildFile; fileRef = B50381701FEFD051003265B9 /* DailyTaskService.swift */; };
		B50381731FEFD10B003265B9 /* UIResponder+Extension.swift in Sources */ = {isa = PBXBuildFile; fileRef = B50381721FEFD10B003265B9 /* UIResponder+Extension.swift */; };
		B503817C1FF24B3F003265B9 /* Numbers.storyboard in Resources */ = {isa = PBXBuildFile; fileRef = B503817B1FF24B3F003265B9 /* Numbers.storyboard */; };
		B503817E1FF24D30003265B9 /* NumbersViewController.swift in Sources */ = {isa = PBXBuildFile; fileRef = B503817D1FF24D30003265B9 /* NumbersViewController.swift */; };
		B50381821FF24F4F003265B9 /* NumbersTaskViewModel.swift in Sources */ = {isa = PBXBuildFile; fileRef = B50381811FF24F4F003265B9 /* NumbersTaskViewModel.swift */; };
		B50381841FF250FF003265B9 /* RandomSequenceGenerator.swift in Sources */ = {isa = PBXBuildFile; fileRef = B50381831FF250FF003265B9 /* RandomSequenceGenerator.swift */; };
		B50381871FF25A57003265B9 /* TrialsView.swift in Sources */ = {isa = PBXBuildFile; fileRef = B50381861FF25A57003265B9 /* TrialsView.swift */; };
		B50381931FF29AF5003265B9 /* RoundedBorderButton.swift in Sources */ = {isa = PBXBuildFile; fileRef = B50381921FF29AF5003265B9 /* RoundedBorderButton.swift */; };
		B50381951FF2A640003265B9 /* Keyboard.swift in Sources */ = {isa = PBXBuildFile; fileRef = B50381941FF2A640003265B9 /* Keyboard.swift */; };
		B50381971FF2B57F003265B9 /* IgnoreValues.swift in Sources */ = {isa = PBXBuildFile; fileRef = B50381961FF2B57F003265B9 /* IgnoreValues.swift */; };
		B50381991FF2B662003265B9 /* UIAlertController.swift in Sources */ = {isa = PBXBuildFile; fileRef = B50381981FF2B662003265B9 /* UIAlertController.swift */; };
		B503819C1FF4FCCE003265B9 /* LocalNotificationsService.swift in Sources */ = {isa = PBXBuildFile; fileRef = B503819B1FF4FCCE003265B9 /* LocalNotificationsService.swift */; };
		B503819E1FF5218D003265B9 /* ServiceProvider.swift in Sources */ = {isa = PBXBuildFile; fileRef = B503819D1FF5218D003265B9 /* ServiceProvider.swift */; };
		B51F120F1FEE814400130DEB /* TaskType.swift in Sources */ = {isa = PBXBuildFile; fileRef = B51F120E1FEE814400130DEB /* TaskType.swift */; };
		B51F12111FEE81E100130DEB /* Test.swift in Sources */ = {isa = PBXBuildFile; fileRef = B51F12101FEE81E100130DEB /* Test.swift */; };
		B51F12131FEE82B800130DEB /* DailyTask.swift in Sources */ = {isa = PBXBuildFile; fileRef = B51F12121FEE82B800130DEB /* DailyTask.swift */; };
		B51F121C1FEE84CF00130DEB /* Activities.storyboard in Resources */ = {isa = PBXBuildFile; fileRef = B51F121B1FEE84CF00130DEB /* Activities.storyboard */; };
		B51F121E1FEE84EE00130DEB /* ActivitiesViewController.swift in Sources */ = {isa = PBXBuildFile; fileRef = B51F121D1FEE84EE00130DEB /* ActivitiesViewController.swift */; };
		B51F12201FEEBD8400130DEB /* TaskCell.swift in Sources */ = {isa = PBXBuildFile; fileRef = B51F121F1FEEBD8400130DEB /* TaskCell.swift */; };
		B51F12221FEEBD9500130DEB /* DateCell.swift in Sources */ = {isa = PBXBuildFile; fileRef = B51F12211FEEBD9500130DEB /* DateCell.swift */; };
		B51F12241FEEBFC600130DEB /* ActivitiesViewModel.swift in Sources */ = {isa = PBXBuildFile; fileRef = B51F12231FEEBFC600130DEB /* ActivitiesViewModel.swift */; };
		B51F12261FEEC02E00130DEB /* ActivitiesDataSource.swift in Sources */ = {isa = PBXBuildFile; fileRef = B51F12251FEEC02E00130DEB /* ActivitiesDataSource.swift */; };
		B51F12281FEEC12E00130DEB /* TaskCellViewModel.swift in Sources */ = {isa = PBXBuildFile; fileRef = B51F12271FEEC12E00130DEB /* TaskCellViewModel.swift */; };
		B57B666D1FD47DBA00127B01 /* Today.storyboard in Resources */ = {isa = PBXBuildFile; fileRef = B57B666C1FD47DBA00127B01 /* Today.storyboard */; };
		B59571821FCEC4D2005B7C11 /* AboutYouViewModel.swift in Sources */ = {isa = PBXBuildFile; fileRef = B59571811FCEC4D2005B7C11 /* AboutYouViewModel.swift */; };
		B59571841FCEC6BB005B7C11 /* InfoCellViewModel.swift in Sources */ = {isa = PBXBuildFile; fileRef = B59571831FCEC6BB005B7C11 /* InfoCellViewModel.swift */; };
		B59571861FCEC7F9005B7C11 /* MapConst.swift in Sources */ = {isa = PBXBuildFile; fileRef = B59571851FCEC7F9005B7C11 /* MapConst.swift */; };
		B59571921FCECC6C005B7C11 /* AboutYouDataSource.swift in Sources */ = {isa = PBXBuildFile; fileRef = B59571911FCECC6C005B7C11 /* AboutYouDataSource.swift */; };
		B59571941FCECDB6005B7C11 /* AboutYouFormFactory.swift in Sources */ = {isa = PBXBuildFile; fileRef = B59571931FCECDB6005B7C11 /* AboutYouFormFactory.swift */; };
		B5AAE2731FD4520A006C6435 /* ToolbarViewFactory.swift in Sources */ = {isa = PBXBuildFile; fileRef = B5AAE2721FD4520A006C6435 /* ToolbarViewFactory.swift */; };
		B5AAE2751FD45523006C6435 /* DatabaseGateway.swift in Sources */ = {isa = PBXBuildFile; fileRef = B5AAE2741FD45523006C6435 /* DatabaseGateway.swift */; };
		B5AAE2771FD455C0006C6435 /* CurrentUser.swift in Sources */ = {isa = PBXBuildFile; fileRef = B5AAE2761FD455C0006C6435 /* CurrentUser.swift */; };
		B5AAE2791FD46272006C6435 /* RegistrationViewController.swift in Sources */ = {isa = PBXBuildFile; fileRef = B5AAE2781FD46272006C6435 /* RegistrationViewController.swift */; };
		B5AAE27D1FD46592006C6435 /* RegistrationViewModel.swift in Sources */ = {isa = PBXBuildFile; fileRef = B5AAE27C1FD46592006C6435 /* RegistrationViewModel.swift */; };
		B5F41E1D1FF786B800C2FB6F /* ASError.swift in Sources */ = {isa = PBXBuildFile; fileRef = B5F41E1C1FF786B800C2FB6F /* ASError.swift */; };
		B5F41E291FF7887F00C2FB6F /* Values.swift in Sources */ = {isa = PBXBuildFile; fileRef = B5F41E281FF7887F00C2FB6F /* Values.swift */; };
		B5F41E2B1FF7896500C2FB6F /* Errors.swift in Sources */ = {isa = PBXBuildFile; fileRef = B5F41E2A1FF7896500C2FB6F /* Errors.swift */; };
		ED729C312215BBEA6939CCF8 /* Pods_AlzStudyTests.framework in Frameworks */ = {isa = PBXBuildFile; fileRef = CA0BBC8C436EAD210AC7E7EE /* Pods_AlzStudyTests.framework */; };
/* End PBXBuildFile section */

/* Begin PBXContainerItemProxy section */
		9919AFD01FACEAD4008612A0 /* PBXContainerItemProxy */ = {
			isa = PBXContainerItemProxy;
			containerPortal = 9919AFB31FACEAD3008612A0 /* Project object */;
			proxyType = 1;
			remoteGlobalIDString = 9919AFBA1FACEAD3008612A0;
			remoteInfo = AlzStudy;
		};
/* End PBXContainerItemProxy section */

/* Begin PBXCopyFilesBuildPhase section */
		99C1E55E1FB85377008C79B9 /* Embed Frameworks */ = {
			isa = PBXCopyFilesBuildPhase;
			buildActionMask = 2147483647;
			dstPath = "";
			dstSubfolderSpec = 10;
			files = (
			);
			name = "Embed Frameworks";
			runOnlyForDeploymentPostprocessing = 0;
		};
/* End PBXCopyFilesBuildPhase section */

/* Begin PBXFileReference section */
		14734DB7A59B6F2754A49BF9 /* Pods-AlzStudyTests.debug.xcconfig */ = {isa = PBXFileReference; includeInIndex = 1; lastKnownFileType = text.xcconfig; name = "Pods-AlzStudyTests.debug.xcconfig"; path = "Pods/Target Support Files/Pods-AlzStudyTests/Pods-AlzStudyTests.debug.xcconfig"; sourceTree = "<group>"; };
		1F75D17A2FF78397B3A74FC1 /* Pods-AlzStudyTests.release.xcconfig */ = {isa = PBXFileReference; includeInIndex = 1; lastKnownFileType = text.xcconfig; name = "Pods-AlzStudyTests.release.xcconfig"; path = "Pods/Target Support Files/Pods-AlzStudyTests/Pods-AlzStudyTests.release.xcconfig"; sourceTree = "<group>"; };
		3EBAC744FD5FFE42460BD6E0 /* Pods_AlzStudy.framework */ = {isa = PBXFileReference; explicitFileType = wrapper.framework; includeInIndex = 0; path = Pods_AlzStudy.framework; sourceTree = BUILT_PRODUCTS_DIR; };
		66133CC350436A078D1C5CB9 /* Pods-AlzStudy.release.xcconfig */ = {isa = PBXFileReference; includeInIndex = 1; lastKnownFileType = text.xcconfig; name = "Pods-AlzStudy.release.xcconfig"; path = "Pods/Target Support Files/Pods-AlzStudy/Pods-AlzStudy.release.xcconfig"; sourceTree = "<group>"; };
		9919AFBB1FACEAD3008612A0 /* AlzStudy.app */ = {isa = PBXFileReference; explicitFileType = wrapper.application; includeInIndex = 0; path = AlzStudy.app; sourceTree = BUILT_PRODUCTS_DIR; };
		9919AFBE1FACEAD4008612A0 /* AppDelegate.swift */ = {isa = PBXFileReference; lastKnownFileType = sourcecode.swift; path = AppDelegate.swift; sourceTree = "<group>"; };
		9919AFC31FACEAD4008612A0 /* Base */ = {isa = PBXFileReference; lastKnownFileType = file.storyboard; name = Base; path = Base.lproj/Main.storyboard; sourceTree = "<group>"; };
		9919AFC51FACEAD4008612A0 /* Assets.xcassets */ = {isa = PBXFileReference; lastKnownFileType = folder.assetcatalog; path = Assets.xcassets; sourceTree = "<group>"; };
		9919AFC81FACEAD4008612A0 /* Base */ = {isa = PBXFileReference; lastKnownFileType = file.storyboard; name = Base; path = Base.lproj/LaunchScreen.storyboard; sourceTree = "<group>"; };
		9919AFCA1FACEAD4008612A0 /* Info.plist */ = {isa = PBXFileReference; lastKnownFileType = text.plist.xml; path = Info.plist; sourceTree = "<group>"; };
		9919AFCF1FACEAD4008612A0 /* AlzStudyTests.xctest */ = {isa = PBXFileReference; explicitFileType = wrapper.cfbundle; includeInIndex = 0; path = AlzStudyTests.xctest; sourceTree = BUILT_PRODUCTS_DIR; };
		9919AFD31FACEAD4008612A0 /* AlzStudyTests.swift */ = {isa = PBXFileReference; lastKnownFileType = sourcecode.swift; path = AlzStudyTests.swift; sourceTree = "<group>"; };
		9919AFD51FACEAD4008612A0 /* Info.plist */ = {isa = PBXFileReference; lastKnownFileType = text.plist.xml; path = Info.plist; sourceTree = "<group>"; };
		995C3CE71FDE7B8100D2FD38 /* JoinButtonResponder.swift */ = {isa = PBXFileReference; lastKnownFileType = sourcecode.swift; path = JoinButtonResponder.swift; sourceTree = "<group>"; };
		995C3CE91FDE7CF300D2FD38 /* HelperMethods.swift */ = {isa = PBXFileReference; lastKnownFileType = sourcecode.swift; path = HelperMethods.swift; sourceTree = "<group>"; };
		995C3CEB1FDE7FD700D2FD38 /* AboutYouData.swift */ = {isa = PBXFileReference; lastKnownFileType = sourcecode.swift; path = AboutYouData.swift; sourceTree = "<group>"; };
		9969D8841FAF1AEB00196C82 /* WalkThroughViewController.swift */ = {isa = PBXFileReference; lastKnownFileType = sourcecode.swift; path = WalkThroughViewController.swift; sourceTree = "<group>"; };
		9969D8861FAF1B1900196C82 /* CardsDataSource.swift */ = {isa = PBXFileReference; lastKnownFileType = sourcecode.swift; path = CardsDataSource.swift; sourceTree = "<group>"; };
		9969D8881FAF1B6A00196C82 /* WalkThrough.storyboard */ = {isa = PBXFileReference; lastKnownFileType = file.storyboard; path = WalkThrough.storyboard; sourceTree = "<group>"; };
		9969D88F1FAF1BC800196C82 /* Protocols.swift */ = {isa = PBXFileReference; lastKnownFileType = sourcecode.swift; path = Protocols.swift; sourceTree = "<group>"; };
		9969D8931FAF235100196C82 /* CollectionView+Extensions.swift */ = {isa = PBXFileReference; lastKnownFileType = sourcecode.swift; path = "CollectionView+Extensions.swift"; sourceTree = "<group>"; };
		9969D8961FAF243800196C82 /* CardViewData.swift */ = {isa = PBXFileReference; lastKnownFileType = sourcecode.swift; path = CardViewData.swift; sourceTree = "<group>"; };
		9969D89C1FAF25A100196C82 /* CardViewCell.swift */ = {isa = PBXFileReference; lastKnownFileType = sourcecode.swift; path = CardViewCell.swift; sourceTree = "<group>"; };
		9969D89E1FAF27CE00196C82 /* Storyboard.swift */ = {isa = PBXFileReference; lastKnownFileType = sourcecode.swift; path = Storyboard.swift; sourceTree = "<group>"; };
		9969D8AE1FAF2E9500196C82 /* UIColor.swift */ = {isa = PBXFileReference; lastKnownFileType = sourcecode.swift; path = UIColor.swift; sourceTree = "<group>"; };
		9969D8B01FAF2EE900196C82 /* Theme.swift */ = {isa = PBXFileReference; lastKnownFileType = sourcecode.swift; path = Theme.swift; sourceTree = "<group>"; };
		9969D8B31FAF3AC500196C82 /* LocalStorage.swift */ = {isa = PBXFileReference; lastKnownFileType = sourcecode.swift; path = LocalStorage.swift; sourceTree = "<group>"; };
		9969D8B81FAF3CA900196C82 /* Registration.storyboard */ = {isa = PBXFileReference; lastKnownFileType = file.storyboard; path = Registration.storyboard; sourceTree = "<group>"; };
		9969D8BA1FAF3DCB00196C82 /* ContainerViewController.swift */ = {isa = PBXFileReference; lastKnownFileType = sourcecode.swift; path = ContainerViewController.swift; sourceTree = "<group>"; };
		9969D8BD1FAF407300196C82 /* QuestionViewController.swift */ = {isa = PBXFileReference; lastKnownFileType = sourcecode.swift; path = QuestionViewController.swift; sourceTree = "<group>"; };
		9969D8BF1FAF508500196C82 /* ConsentViewController.swift */ = {isa = PBXFileReference; lastKnownFileType = sourcecode.swift; path = ConsentViewController.swift; sourceTree = "<group>"; };
		9992E3E91FED3D6600DF3F3E /* FirebaseConfigService.swift */ = {isa = PBXFileReference; lastKnownFileType = sourcecode.swift; path = FirebaseConfigService.swift; sourceTree = "<group>"; };
		9995B6871FAF7555000AAEFD /* Setup.storyboard */ = {isa = PBXFileReference; lastKnownFileType = file.storyboard; path = Setup.storyboard; sourceTree = "<group>"; };
		9995B6891FAF7571000AAEFD /* AboutYouViewController.swift */ = {isa = PBXFileReference; lastKnownFileType = sourcecode.swift; path = AboutYouViewController.swift; sourceTree = "<group>"; };
		9995B68D1FAF78DA000AAEFD /* InfoCell.swift */ = {isa = PBXFileReference; lastKnownFileType = sourcecode.swift; path = InfoCell.swift; sourceTree = "<group>"; };
		9995B6921FAF7B61000AAEFD /* ParameterViewData.swift */ = {isa = PBXFileReference; lastKnownFileType = sourcecode.swift; path = ParameterViewData.swift; sourceTree = "<group>"; };
		99A34EF31FB87B3700F33BCF /* Auth.swift */ = {isa = PBXFileReference; lastKnownFileType = sourcecode.swift; path = Auth.swift; sourceTree = "<group>"; };
		99A34EF61FB8913400F33BCF /* WalkThroughViewModel.swift */ = {isa = PBXFileReference; lastKnownFileType = sourcecode.swift; path = WalkThroughViewModel.swift; sourceTree = "<group>"; };
		99A34EF91FB8925200F33BCF /* BaseViewController.swift */ = {isa = PBXFileReference; lastKnownFileType = sourcecode.swift; path = BaseViewController.swift; sourceTree = "<group>"; };
		99A34EFB1FB894C200F33BCF /* CardsFactory.swift */ = {isa = PBXFileReference; lastKnownFileType = sourcecode.swift; path = CardsFactory.swift; sourceTree = "<group>"; };
		99A34EFD1FB8954A00F33BCF /* ValueCellDataSource.swift */ = {isa = PBXFileReference; lastKnownFileType = sourcecode.swift; path = ValueCellDataSource.swift; sourceTree = "<group>"; };
		99A34EFF1FB8956200F33BCF /* ValueCell.swift */ = {isa = PBXFileReference; lastKnownFileType = sourcecode.swift; path = ValueCell.swift; sourceTree = "<group>"; };
		99B449FE1FD5C3F7009821C1 /* TakeWhen.swift */ = {isa = PBXFileReference; lastKnownFileType = sourcecode.swift; path = TakeWhen.swift; sourceTree = "<group>"; };
		99B44A001FD5C4C1009821C1 /* WithLatestFrom.swift */ = {isa = PBXFileReference; lastKnownFileType = sourcecode.swift; path = WithLatestFrom.swift; sourceTree = "<group>"; };
		99B44A021FD5C6CB009821C1 /* TodayViewController.swift */ = {isa = PBXFileReference; lastKnownFileType = sourcecode.swift; path = TodayViewController.swift; sourceTree = "<group>"; };
		99C1E6BB1FB856B6008C79B9 /* ObserveForUI.swift */ = {isa = PBXFileReference; lastKnownFileType = sourcecode.swift; path = ObserveForUI.swift; sourceTree = "<group>"; };
		99C1E6EA1FB858BC008C79B9 /* RootScreenService.swift */ = {isa = PBXFileReference; lastKnownFileType = sourcecode.swift; path = RootScreenService.swift; sourceTree = "<group>"; };
		99C1E6EC1FB85954008C79B9 /* Environment.swift */ = {isa = PBXFileReference; lastKnownFileType = sourcecode.swift; path = Environment.swift; sourceTree = "<group>"; };
		99C1E6EE1FB8595D008C79B9 /* AppEnvironment.swift */ = {isa = PBXFileReference; lastKnownFileType = sourcecode.swift; path = AppEnvironment.swift; sourceTree = "<group>"; };
		99C5E0781FD5CE7B00CEF351 /* PNGenericChart.swift */ = {isa = PBXFileReference; fileEncoding = 4; lastKnownFileType = sourcecode.swift; path = PNGenericChart.swift; sourceTree = "<group>"; };
		99C5E0791FD5CE7B00CEF351 /* PNBarChart.swift */ = {isa = PBXFileReference; fileEncoding = 4; lastKnownFileType = sourcecode.swift; path = PNBarChart.swift; sourceTree = "<group>"; };
		99C5E07A1FD5CE7B00CEF351 /* PNLineChartDataItem.swift */ = {isa = PBXFileReference; fileEncoding = 4; lastKnownFileType = sourcecode.swift; path = PNLineChartDataItem.swift; sourceTree = "<group>"; };
		99C5E07B1FD5CE7B00CEF351 /* PNBar.swift */ = {isa = PBXFileReference; fileEncoding = 4; lastKnownFileType = sourcecode.swift; path = PNBar.swift; sourceTree = "<group>"; };
		99C5E07C1FD5CE7B00CEF351 /* PNPieChart.swift */ = {isa = PBXFileReference; fileEncoding = 4; lastKnownFileType = sourcecode.swift; path = PNPieChart.swift; sourceTree = "<group>"; };
		99C5E07D1FD5CE7C00CEF351 /* PNPieChartDataItem.swift */ = {isa = PBXFileReference; fileEncoding = 4; lastKnownFileType = sourcecode.swift; path = PNPieChartDataItem.swift; sourceTree = "<group>"; };
		99C5E07E1FD5CE7C00CEF351 /* PNChartLabel.swift */ = {isa = PBXFileReference; fileEncoding = 4; lastKnownFileType = sourcecode.swift; path = PNChartLabel.swift; sourceTree = "<group>"; };
		99C5E07F1FD5CE7C00CEF351 /* PNValue.swift */ = {isa = PBXFileReference; fileEncoding = 4; lastKnownFileType = sourcecode.swift; path = PNValue.swift; sourceTree = "<group>"; };
		99C5E0801FD5CE7C00CEF351 /* PNLineChartData.swift */ = {isa = PBXFileReference; fileEncoding = 4; lastKnownFileType = sourcecode.swift; path = PNLineChartData.swift; sourceTree = "<group>"; };
		99C5E0811FD5CE7C00CEF351 /* PNColor.swift */ = {isa = PBXFileReference; fileEncoding = 4; lastKnownFileType = sourcecode.swift; path = PNColor.swift; sourceTree = "<group>"; };
		99C5E0821FD5CE7C00CEF351 /* PNLineChart.swift */ = {isa = PBXFileReference; fileEncoding = 4; lastKnownFileType = sourcecode.swift; path = PNLineChart.swift; sourceTree = "<group>"; };
		99DBCED91FC1A17A004CA222 /* CardCellViewModel.swift */ = {isa = PBXFileReference; lastKnownFileType = sourcecode.swift; path = CardCellViewModel.swift; sourceTree = "<group>"; };
		99FD17C21FAF6FAE009D320A /* RegistrationViewController2.swift */ = {isa = PBXFileReference; lastKnownFileType = sourcecode.swift; path = RegistrationViewController2.swift; sourceTree = "<group>"; };
		B50381691FEFAD12003265B9 /* AppearanceService.swift */ = {isa = PBXFileReference; lastKnownFileType = sourcecode.swift; path = AppearanceService.swift; sourceTree = "<group>"; };
		B503816B1FEFAE8C003265B9 /* UIView+Shadow.swift */ = {isa = PBXFileReference; lastKnownFileType = sourcecode.swift; path = "UIView+Shadow.swift"; sourceTree = "<group>"; };
		B503816D1FEFB2A8003265B9 /* UICollectionViewCell+Animations.swift */ = {isa = PBXFileReference; lastKnownFileType = sourcecode.swift; path = "UICollectionViewCell+Animations.swift"; sourceTree = "<group>"; };
		B50381701FEFD051003265B9 /* DailyTaskService.swift */ = {isa = PBXFileReference; lastKnownFileType = sourcecode.swift; path = DailyTaskService.swift; sourceTree = "<group>"; };
		B50381721FEFD10B003265B9 /* UIResponder+Extension.swift */ = {isa = PBXFileReference; lastKnownFileType = sourcecode.swift; path = "UIResponder+Extension.swift"; sourceTree = "<group>"; };
		B503817B1FF24B3F003265B9 /* Numbers.storyboard */ = {isa = PBXFileReference; lastKnownFileType = file.storyboard; path = Numbers.storyboard; sourceTree = "<group>"; };
		B503817D1FF24D30003265B9 /* NumbersViewController.swift */ = {isa = PBXFileReference; lastKnownFileType = sourcecode.swift; path = NumbersViewController.swift; sourceTree = "<group>"; };
		B50381811FF24F4F003265B9 /* NumbersTaskViewModel.swift */ = {isa = PBXFileReference; lastKnownFileType = sourcecode.swift; path = NumbersTaskViewModel.swift; sourceTree = "<group>"; };
		B50381831FF250FF003265B9 /* RandomSequenceGenerator.swift */ = {isa = PBXFileReference; lastKnownFileType = sourcecode.swift; path = RandomSequenceGenerator.swift; sourceTree = "<group>"; };
		B50381861FF25A57003265B9 /* TrialsView.swift */ = {isa = PBXFileReference; lastKnownFileType = sourcecode.swift; path = TrialsView.swift; sourceTree = "<group>"; };
		B50381921FF29AF5003265B9 /* RoundedBorderButton.swift */ = {isa = PBXFileReference; lastKnownFileType = sourcecode.swift; path = RoundedBorderButton.swift; sourceTree = "<group>"; };
		B50381941FF2A640003265B9 /* Keyboard.swift */ = {isa = PBXFileReference; lastKnownFileType = sourcecode.swift; path = Keyboard.swift; sourceTree = "<group>"; };
		B50381961FF2B57F003265B9 /* IgnoreValues.swift */ = {isa = PBXFileReference; lastKnownFileType = sourcecode.swift; path = IgnoreValues.swift; sourceTree = "<group>"; };
		B50381981FF2B662003265B9 /* UIAlertController.swift */ = {isa = PBXFileReference; lastKnownFileType = sourcecode.swift; path = UIAlertController.swift; sourceTree = "<group>"; };
		B503819B1FF4FCCE003265B9 /* LocalNotificationsService.swift */ = {isa = PBXFileReference; lastKnownFileType = sourcecode.swift; path = LocalNotificationsService.swift; sourceTree = "<group>"; };
		B503819D1FF5218D003265B9 /* ServiceProvider.swift */ = {isa = PBXFileReference; lastKnownFileType = sourcecode.swift; path = ServiceProvider.swift; sourceTree = "<group>"; };
		B51F120E1FEE814400130DEB /* TaskType.swift */ = {isa = PBXFileReference; lastKnownFileType = sourcecode.swift; path = TaskType.swift; sourceTree = "<group>"; };
		B51F12101FEE81E100130DEB /* Test.swift */ = {isa = PBXFileReference; lastKnownFileType = sourcecode.swift; path = Test.swift; sourceTree = "<group>"; };
		B51F12121FEE82B800130DEB /* DailyTask.swift */ = {isa = PBXFileReference; lastKnownFileType = sourcecode.swift; path = DailyTask.swift; sourceTree = "<group>"; };
		B51F121B1FEE84CF00130DEB /* Activities.storyboard */ = {isa = PBXFileReference; lastKnownFileType = file.storyboard; path = Activities.storyboard; sourceTree = "<group>"; };
		B51F121D1FEE84EE00130DEB /* ActivitiesViewController.swift */ = {isa = PBXFileReference; lastKnownFileType = sourcecode.swift; path = ActivitiesViewController.swift; sourceTree = "<group>"; };
		B51F121F1FEEBD8400130DEB /* TaskCell.swift */ = {isa = PBXFileReference; lastKnownFileType = sourcecode.swift; path = TaskCell.swift; sourceTree = "<group>"; };
		B51F12211FEEBD9500130DEB /* DateCell.swift */ = {isa = PBXFileReference; lastKnownFileType = sourcecode.swift; path = DateCell.swift; sourceTree = "<group>"; };
		B51F12231FEEBFC600130DEB /* ActivitiesViewModel.swift */ = {isa = PBXFileReference; lastKnownFileType = sourcecode.swift; path = ActivitiesViewModel.swift; sourceTree = "<group>"; };
		B51F12251FEEC02E00130DEB /* ActivitiesDataSource.swift */ = {isa = PBXFileReference; lastKnownFileType = sourcecode.swift; path = ActivitiesDataSource.swift; sourceTree = "<group>"; };
		B51F12271FEEC12E00130DEB /* TaskCellViewModel.swift */ = {isa = PBXFileReference; lastKnownFileType = sourcecode.swift; path = TaskCellViewModel.swift; sourceTree = "<group>"; };
		B57B666C1FD47DBA00127B01 /* Today.storyboard */ = {isa = PBXFileReference; lastKnownFileType = file.storyboard; path = Today.storyboard; sourceTree = "<group>"; };
		B59571811FCEC4D2005B7C11 /* AboutYouViewModel.swift */ = {isa = PBXFileReference; lastKnownFileType = sourcecode.swift; path = AboutYouViewModel.swift; sourceTree = "<group>"; };
		B59571831FCEC6BB005B7C11 /* InfoCellViewModel.swift */ = {isa = PBXFileReference; lastKnownFileType = sourcecode.swift; path = InfoCellViewModel.swift; sourceTree = "<group>"; };
		B59571851FCEC7F9005B7C11 /* MapConst.swift */ = {isa = PBXFileReference; lastKnownFileType = sourcecode.swift; path = MapConst.swift; sourceTree = "<group>"; };
		B59571911FCECC6C005B7C11 /* AboutYouDataSource.swift */ = {isa = PBXFileReference; lastKnownFileType = sourcecode.swift; path = AboutYouDataSource.swift; sourceTree = "<group>"; };
		B59571931FCECDB6005B7C11 /* AboutYouFormFactory.swift */ = {isa = PBXFileReference; lastKnownFileType = sourcecode.swift; path = AboutYouFormFactory.swift; sourceTree = "<group>"; };
		B5AAE2721FD4520A006C6435 /* ToolbarViewFactory.swift */ = {isa = PBXFileReference; lastKnownFileType = sourcecode.swift; path = ToolbarViewFactory.swift; sourceTree = "<group>"; };
		B5AAE2741FD45523006C6435 /* DatabaseGateway.swift */ = {isa = PBXFileReference; lastKnownFileType = sourcecode.swift; path = DatabaseGateway.swift; sourceTree = "<group>"; };
		B5AAE2761FD455C0006C6435 /* CurrentUser.swift */ = {isa = PBXFileReference; lastKnownFileType = sourcecode.swift; path = CurrentUser.swift; sourceTree = "<group>"; };
		B5AAE2781FD46272006C6435 /* RegistrationViewController.swift */ = {isa = PBXFileReference; lastKnownFileType = sourcecode.swift; path = RegistrationViewController.swift; sourceTree = "<group>"; };
		B5AAE27C1FD46592006C6435 /* RegistrationViewModel.swift */ = {isa = PBXFileReference; lastKnownFileType = sourcecode.swift; path = RegistrationViewModel.swift; sourceTree = "<group>"; };
		B5F41E1C1FF786B800C2FB6F /* ASError.swift */ = {isa = PBXFileReference; lastKnownFileType = sourcecode.swift; path = ASError.swift; sourceTree = "<group>"; };
		B5F41E281FF7887F00C2FB6F /* Values.swift */ = {isa = PBXFileReference; lastKnownFileType = sourcecode.swift; path = Values.swift; sourceTree = "<group>"; };
		B5F41E2A1FF7896500C2FB6F /* Errors.swift */ = {isa = PBXFileReference; lastKnownFileType = sourcecode.swift; path = Errors.swift; sourceTree = "<group>"; };
		CA0BBC8C436EAD210AC7E7EE /* Pods_AlzStudyTests.framework */ = {isa = PBXFileReference; explicitFileType = wrapper.framework; includeInIndex = 0; path = Pods_AlzStudyTests.framework; sourceTree = BUILT_PRODUCTS_DIR; };
		D45208CDADD2977D10B578CD /* Pods-AlzStudy.debug.xcconfig */ = {isa = PBXFileReference; includeInIndex = 1; lastKnownFileType = text.xcconfig; name = "Pods-AlzStudy.debug.xcconfig"; path = "Pods/Target Support Files/Pods-AlzStudy/Pods-AlzStudy.debug.xcconfig"; sourceTree = "<group>"; };
/* End PBXFileReference section */

/* Begin PBXFrameworksBuildPhase section */
		9919AFB81FACEAD3008612A0 /* Frameworks */ = {
			isa = PBXFrameworksBuildPhase;
			buildActionMask = 2147483647;
			files = (
				26FA3CD7C925E38476A6126E /* Pods_AlzStudy.framework in Frameworks */,
			);
			runOnlyForDeploymentPostprocessing = 0;
		};
		9919AFCC1FACEAD4008612A0 /* Frameworks */ = {
			isa = PBXFrameworksBuildPhase;
			buildActionMask = 2147483647;
			files = (
				ED729C312215BBEA6939CCF8 /* Pods_AlzStudyTests.framework in Frameworks */,
			);
			runOnlyForDeploymentPostprocessing = 0;
		};
/* End PBXFrameworksBuildPhase section */

/* Begin PBXGroup section */
		9919AFB21FACEAD3008612A0 = {
			isa = PBXGroup;
			children = (
				9919AFBD1FACEAD3008612A0 /* AlzStudy */,
				9919AFD21FACEAD4008612A0 /* AlzStudyTests */,
				9919AFBC1FACEAD3008612A0 /* Products */,
				B2B91D4B59F98D6398679A59 /* Pods */,
				FFC8491F70BAC6E79E13D3D8 /* Frameworks */,
			);
			sourceTree = "<group>";
		};
		9919AFBC1FACEAD3008612A0 /* Products */ = {
			isa = PBXGroup;
			children = (
				9919AFBB1FACEAD3008612A0 /* AlzStudy.app */,
				9919AFCF1FACEAD4008612A0 /* AlzStudyTests.xctest */,
			);
			name = Products;
			sourceTree = "<group>";
		};
		9919AFBD1FACEAD3008612A0 /* AlzStudy */ = {
			isa = PBXGroup;
			children = (
				99C5E0771FD5CE6800CEF351 /* Chart */,
				9969D8B71FAF3C7D00196C82 /* Registration */,
				99C1E6E71FB8586B008C79B9 /* Environment */,
				99C1E6BA1FB856A3008C79B9 /* ReactiveExtensions */,
				9969D8B21FAF3AB900196C82 /* Services */,
				9919AFE21FACEB2F008612A0 /* RestAPI */,
				9919AFE11FACEB27008612A0 /* Common */,
				9919AFE01FACEB1E008612A0 /* Components */,
				9919AFDF1FACEB10008612A0 /* Resources */,
				9919AFC21FACEAD4008612A0 /* Main.storyboard */,
				9919AFDE1FACEADD008612A0 /* Supporting Files */,
			);
			path = AlzStudy;
			sourceTree = "<group>";
		};
		9919AFD21FACEAD4008612A0 /* AlzStudyTests */ = {
			isa = PBXGroup;
			children = (
				9919AFD31FACEAD4008612A0 /* AlzStudyTests.swift */,
				9919AFD51FACEAD4008612A0 /* Info.plist */,
			);
			path = AlzStudyTests;
			sourceTree = "<group>";
		};
		9919AFDE1FACEADD008612A0 /* Supporting Files */ = {
			isa = PBXGroup;
			children = (
				9919AFBE1FACEAD4008612A0 /* AppDelegate.swift */,
				9919AFCA1FACEAD4008612A0 /* Info.plist */,
			);
			path = "Supporting Files";
			sourceTree = "<group>";
		};
		9919AFDF1FACEB10008612A0 /* Resources */ = {
			isa = PBXGroup;
			children = (
				9919AFC71FACEAD4008612A0 /* LaunchScreen.storyboard */,
				9919AFC51FACEAD4008612A0 /* Assets.xcassets */,
			);
			path = Resources;
			sourceTree = "<group>";
		};
		9919AFE01FACEB1E008612A0 /* Components */ = {
			isa = PBXGroup;
			children = (
				B51F120C1FEE811800130DEB /* Tests */,
				B57B666A1FD47D7700127B01 /* Root */,
				9969D8831FAF1AD700196C82 /* WalkThrough */,
				9995B6861FAF753D000AAEFD /* Setup */,
			);
			path = Components;
			sourceTree = "<group>";
		};
		9919AFE11FACEB27008612A0 /* Common */ = {
			isa = PBXGroup;
			children = (
				B5F41E1B1FF7868100C2FB6F /* ErrorHandling */,
				99A34EF81FB8917500F33BCF /* Value Data Source */,
				9969D8921FAF234100196C82 /* Extensions */,
				9969D8911FAF233A00196C82 /* Protocols */,
				9969D89E1FAF27CE00196C82 /* Storyboard.swift */,
				9969D8B01FAF2EE900196C82 /* Theme.swift */,
				99A34EF91FB8925200F33BCF /* BaseViewController.swift */,
				995C3CE91FDE7CF300D2FD38 /* HelperMethods.swift */,
			);
			path = Common;
			sourceTree = "<group>";
		};
		9919AFE21FACEB2F008612A0 /* RestAPI */ = {
			isa = PBXGroup;
			children = (
			);
			path = RestAPI;
			sourceTree = "<group>";
		};
		9969D8831FAF1AD700196C82 /* WalkThrough */ = {
			isa = PBXGroup;
			children = (
				99A34EF51FB890D300F33BCF /* ViewModels */,
				9969D8951FAF242B00196C82 /* Models */,
				9969D88C1FAF1B8C00196C82 /* DataSources */,
				9969D88B1FAF1B8600196C82 /* ViewControllers */,
				9969D88A1FAF1B8100196C82 /* Views */,
				9969D8881FAF1B6A00196C82 /* WalkThrough.storyboard */,
				995C3CE71FDE7B8100D2FD38 /* JoinButtonResponder.swift */,
			);
			path = WalkThrough;
			sourceTree = "<group>";
		};
		9969D88A1FAF1B8100196C82 /* Views */ = {
			isa = PBXGroup;
			children = (
				9969D89C1FAF25A100196C82 /* CardViewCell.swift */,
			);
			path = Views;
			sourceTree = "<group>";
		};
		9969D88B1FAF1B8600196C82 /* ViewControllers */ = {
			isa = PBXGroup;
			children = (
				9969D8841FAF1AEB00196C82 /* WalkThroughViewController.swift */,
			);
			path = ViewControllers;
			sourceTree = "<group>";
		};
		9969D88C1FAF1B8C00196C82 /* DataSources */ = {
			isa = PBXGroup;
			children = (
				9969D8861FAF1B1900196C82 /* CardsDataSource.swift */,
			);
			path = DataSources;
			sourceTree = "<group>";
		};
		9969D8911FAF233A00196C82 /* Protocols */ = {
			isa = PBXGroup;
			children = (
				9969D88F1FAF1BC800196C82 /* Protocols.swift */,
			);
			path = Protocols;
			sourceTree = "<group>";
		};
		9969D8921FAF234100196C82 /* Extensions */ = {
			isa = PBXGroup;
			children = (
				9969D8931FAF235100196C82 /* CollectionView+Extensions.swift */,
				9969D8AE1FAF2E9500196C82 /* UIColor.swift */,
				B503816B1FEFAE8C003265B9 /* UIView+Shadow.swift */,
				B503816D1FEFB2A8003265B9 /* UICollectionViewCell+Animations.swift */,
				B50381721FEFD10B003265B9 /* UIResponder+Extension.swift */,
				B50381981FF2B662003265B9 /* UIAlertController.swift */,
			);
			path = Extensions;
			sourceTree = "<group>";
		};
		9969D8951FAF242B00196C82 /* Models */ = {
			isa = PBXGroup;
			children = (
				9969D8961FAF243800196C82 /* CardViewData.swift */,
				99A34EFB1FB894C200F33BCF /* CardsFactory.swift */,
			);
			path = Models;
			sourceTree = "<group>";
		};
		9969D8B21FAF3AB900196C82 /* Services */ = {
			isa = PBXGroup;
			children = (
				9969D8B31FAF3AC500196C82 /* LocalStorage.swift */,
				99C1E6EA1FB858BC008C79B9 /* RootScreenService.swift */,
				99A34EF31FB87B3700F33BCF /* Auth.swift */,
				B5AAE2741FD45523006C6435 /* DatabaseGateway.swift */,
				B5AAE2761FD455C0006C6435 /* CurrentUser.swift */,
				9992E3E91FED3D6600DF3F3E /* FirebaseConfigService.swift */,
				B50381691FEFAD12003265B9 /* AppearanceService.swift */,
				B50381941FF2A640003265B9 /* Keyboard.swift */,
				B503819B1FF4FCCE003265B9 /* LocalNotificationsService.swift */,
				B503819D1FF5218D003265B9 /* ServiceProvider.swift */,
			);
			path = Services;
			sourceTree = "<group>";
		};
		9969D8B71FAF3C7D00196C82 /* Registration */ = {
			isa = PBXGroup;
			children = (
				9969D8BC1FAF405D00196C82 /* View Controllers */,
				9969D8B81FAF3CA900196C82 /* Registration.storyboard */,
			);
			path = Registration;
			sourceTree = "<group>";
		};
		9969D8BC1FAF405D00196C82 /* View Controllers */ = {
			isa = PBXGroup;
			children = (
				9969D8BA1FAF3DCB00196C82 /* ContainerViewController.swift */,
				9969D8BD1FAF407300196C82 /* QuestionViewController.swift */,
				9969D8BF1FAF508500196C82 /* ConsentViewController.swift */,
				99FD17C21FAF6FAE009D320A /* RegistrationViewController2.swift */,
			);
			path = "View Controllers";
			sourceTree = "<group>";
		};
		9995B6861FAF753D000AAEFD /* Setup */ = {
			isa = PBXGroup;
			children = (
				B59571801FCEC4BA005B7C11 /* ViewModels */,
				B595717F1FCEC4B4005B7C11 /* DataSources */,
				9995B6911FAF7A7D000AAEFD /* Models */,
				9995B68C1FAF7874000AAEFD /* ViewControllers */,
				9995B68B1FAF7870000AAEFD /* Views */,
				9995B6871FAF7555000AAEFD /* Setup.storyboard */,
			);
			path = Setup;
			sourceTree = "<group>";
		};
		9995B68B1FAF7870000AAEFD /* Views */ = {
			isa = PBXGroup;
			children = (
				9995B68D1FAF78DA000AAEFD /* InfoCell.swift */,
				B5AAE2721FD4520A006C6435 /* ToolbarViewFactory.swift */,
			);
			path = Views;
			sourceTree = "<group>";
		};
		9995B68C1FAF7874000AAEFD /* ViewControllers */ = {
			isa = PBXGroup;
			children = (
				9995B6891FAF7571000AAEFD /* AboutYouViewController.swift */,
				B5AAE2781FD46272006C6435 /* RegistrationViewController.swift */,
			);
			path = ViewControllers;
			sourceTree = "<group>";
		};
		9995B6911FAF7A7D000AAEFD /* Models */ = {
			isa = PBXGroup;
			children = (
				9995B6921FAF7B61000AAEFD /* ParameterViewData.swift */,
				995C3CEB1FDE7FD700D2FD38 /* AboutYouData.swift */,
			);
			path = Models;
			sourceTree = "<group>";
		};
		99A34EF51FB890D300F33BCF /* ViewModels */ = {
			isa = PBXGroup;
			children = (
				99A34EF61FB8913400F33BCF /* WalkThroughViewModel.swift */,
				99DBCED91FC1A17A004CA222 /* CardCellViewModel.swift */,
			);
			path = ViewModels;
			sourceTree = "<group>";
		};
		99A34EF81FB8917500F33BCF /* Value Data Source */ = {
			isa = PBXGroup;
			children = (
				99A34EFD1FB8954A00F33BCF /* ValueCellDataSource.swift */,
				99A34EFF1FB8956200F33BCF /* ValueCell.swift */,
			);
			path = "Value Data Source";
			sourceTree = "<group>";
		};
		99C1E6BA1FB856A3008C79B9 /* ReactiveExtensions */ = {
			isa = PBXGroup;
			children = (
				99C1E6BB1FB856B6008C79B9 /* ObserveForUI.swift */,
				B59571851FCEC7F9005B7C11 /* MapConst.swift */,
				99B449FE1FD5C3F7009821C1 /* TakeWhen.swift */,
				99B44A001FD5C4C1009821C1 /* WithLatestFrom.swift */,
				B50381961FF2B57F003265B9 /* IgnoreValues.swift */,
				B5F41E281FF7887F00C2FB6F /* Values.swift */,
				B5F41E2A1FF7896500C2FB6F /* Errors.swift */,
			);
			path = ReactiveExtensions;
			sourceTree = "<group>";
		};
		99C1E6E71FB8586B008C79B9 /* Environment */ = {
			isa = PBXGroup;
			children = (
				99C1E6EC1FB85954008C79B9 /* Environment.swift */,
				99C1E6EE1FB8595D008C79B9 /* AppEnvironment.swift */,
			);
			path = Environment;
			sourceTree = "<group>";
		};
		99C5E0771FD5CE6800CEF351 /* Chart */ = {
			isa = PBXGroup;
			children = (
				99C5E07B1FD5CE7B00CEF351 /* PNBar.swift */,
				99C5E0791FD5CE7B00CEF351 /* PNBarChart.swift */,
				99C5E07E1FD5CE7C00CEF351 /* PNChartLabel.swift */,
				99C5E0811FD5CE7C00CEF351 /* PNColor.swift */,
				99C5E0781FD5CE7B00CEF351 /* PNGenericChart.swift */,
				99C5E0821FD5CE7C00CEF351 /* PNLineChart.swift */,
				99C5E0801FD5CE7C00CEF351 /* PNLineChartData.swift */,
				99C5E07A1FD5CE7B00CEF351 /* PNLineChartDataItem.swift */,
				99C5E07C1FD5CE7B00CEF351 /* PNPieChart.swift */,
				99C5E07D1FD5CE7C00CEF351 /* PNPieChartDataItem.swift */,
				99C5E07F1FD5CE7C00CEF351 /* PNValue.swift */,
			);
			path = Chart;
			sourceTree = "<group>";
		};
		B2B91D4B59F98D6398679A59 /* Pods */ = {
			isa = PBXGroup;
			children = (
				D45208CDADD2977D10B578CD /* Pods-AlzStudy.debug.xcconfig */,
				66133CC350436A078D1C5CB9 /* Pods-AlzStudy.release.xcconfig */,
				14734DB7A59B6F2754A49BF9 /* Pods-AlzStudyTests.debug.xcconfig */,
				1F75D17A2FF78397B3A74FC1 /* Pods-AlzStudyTests.release.xcconfig */,
			);
			name = Pods;
			sourceTree = "<group>";
		};
		B503816F1FEFD046003265B9 /* Services */ = {
			isa = PBXGroup;
			children = (
				B50381701FEFD051003265B9 /* DailyTaskService.swift */,
			);
			path = Services;
			sourceTree = "<group>";
		};
		B50381741FF24ABE003265B9 /* Numbers */ = {
			isa = PBXGroup;
			children = (
				B503817F1FF24D33003265B9 /* Services */,
				B50381781FF24B07003265B9 /* Models */,
				B50381771FF24B00003265B9 /* ViewModels */,
				B50381761FF24AFC003265B9 /* Views */,
				B50381751FF24AE4003265B9 /* ViewControllers */,
				B503817B1FF24B3F003265B9 /* Numbers.storyboard */,
			);
			path = Numbers;
			sourceTree = "<group>";
		};
		B50381751FF24AE4003265B9 /* ViewControllers */ = {
			isa = PBXGroup;
			children = (
				B503817D1FF24D30003265B9 /* NumbersViewController.swift */,
			);
			path = ViewControllers;
			sourceTree = "<group>";
		};
		B50381761FF24AFC003265B9 /* Views */ = {
			isa = PBXGroup;
			children = (
				B50381921FF29AF5003265B9 /* RoundedBorderButton.swift */,
			);
			path = Views;
			sourceTree = "<group>";
		};
		B50381771FF24B00003265B9 /* ViewModels */ = {
			isa = PBXGroup;
			children = (
				B50381811FF24F4F003265B9 /* NumbersTaskViewModel.swift */,
			);
			path = ViewModels;
			sourceTree = "<group>";
		};
		B50381781FF24B07003265B9 /* Models */ = {
			isa = PBXGroup;
			children = (
			);
			path = Models;
			sourceTree = "<group>";
		};
		B503817F1FF24D33003265B9 /* Services */ = {
			isa = PBXGroup;
			children = (
				B50381831FF250FF003265B9 /* RandomSequenceGenerator.swift */,
			);
			path = Services;
			sourceTree = "<group>";
		};
		B50381851FF25A38003265B9 /* Common */ = {
			isa = PBXGroup;
			children = (
				B50381861FF25A57003265B9 /* TrialsView.swift */,
			);
			path = Common;
			sourceTree = "<group>";
		};
		B51F120C1FEE811800130DEB /* Tests */ = {
			isa = PBXGroup;
			children = (
				B50381851FF25A38003265B9 /* Common */,
				B50381741FF24ABE003265B9 /* Numbers */,
			);
			path = Tests;
			sourceTree = "<group>";
		};
		B51F120D1FEE813A00130DEB /* Models */ = {
			isa = PBXGroup;
			children = (
				B51F120E1FEE814400130DEB /* TaskType.swift */,
				B51F12101FEE81E100130DEB /* Test.swift */,
				B51F12121FEE82B800130DEB /* DailyTask.swift */,
			);
			path = Models;
			sourceTree = "<group>";
		};
		B51F12141FEE840D00130DEB /* ViewControllers */ = {
			isa = PBXGroup;
			children = (
				99B44A021FD5C6CB009821C1 /* TodayViewController.swift */,
			);
			path = ViewControllers;
			sourceTree = "<group>";
		};
		B51F12151FEE841A00130DEB /* ViewModels */ = {
			isa = PBXGroup;
			children = (
				B51F12231FEEBFC600130DEB /* ActivitiesViewModel.swift */,
				B51F12271FEEC12E00130DEB /* TaskCellViewModel.swift */,
			);
			path = ViewModels;
			sourceTree = "<group>";
		};
		B51F12161FEE841E00130DEB /* Views */ = {
			isa = PBXGroup;
			children = (
				B51F121F1FEEBD8400130DEB /* TaskCell.swift */,
				B51F12211FEEBD9500130DEB /* DateCell.swift */,
			);
			path = Views;
			sourceTree = "<group>";
		};
		B51F12171FEE843800130DEB /* DataSources */ = {
			isa = PBXGroup;
			children = (
				B51F12251FEEC02E00130DEB /* ActivitiesDataSource.swift */,
			);
			path = DataSources;
			sourceTree = "<group>";
		};
		B51F12181FEE846000130DEB /* Activities */ = {
			isa = PBXGroup;
			children = (
				B503816F1FEFD046003265B9 /* Services */,
				B51F121A1FEE84B300130DEB /* ViewControllers */,
				B51F120D1FEE813A00130DEB /* Models */,
				B51F12171FEE843800130DEB /* DataSources */,
				B51F12161FEE841E00130DEB /* Views */,
				B51F12151FEE841A00130DEB /* ViewModels */,
				B51F121B1FEE84CF00130DEB /* Activities.storyboard */,
			);
			path = Activities;
			sourceTree = "<group>";
		};
		B51F121A1FEE84B300130DEB /* ViewControllers */ = {
			isa = PBXGroup;
			children = (
				B51F121D1FEE84EE00130DEB /* ActivitiesViewController.swift */,
			);
			path = ViewControllers;
			sourceTree = "<group>";
		};
		B57B666A1FD47D7700127B01 /* Root */ = {
			isa = PBXGroup;
			children = (
				B51F12181FEE846000130DEB /* Activities */,
				B57B666B1FD47D8100127B01 /* Today */,
			);
			path = Root;
			sourceTree = "<group>";
		};
		B57B666B1FD47D8100127B01 /* Today */ = {
			isa = PBXGroup;
			children = (
				B51F12141FEE840D00130DEB /* ViewControllers */,
				B57B666C1FD47DBA00127B01 /* Today.storyboard */,
			);
			path = Today;
			sourceTree = "<group>";
		};
		B595717F1FCEC4B4005B7C11 /* DataSources */ = {
			isa = PBXGroup;
			children = (
				B59571911FCECC6C005B7C11 /* AboutYouDataSource.swift */,
				B59571931FCECDB6005B7C11 /* AboutYouFormFactory.swift */,
			);
			path = DataSources;
			sourceTree = "<group>";
		};
		B59571801FCEC4BA005B7C11 /* ViewModels */ = {
			isa = PBXGroup;
			children = (
				B59571831FCEC6BB005B7C11 /* InfoCellViewModel.swift */,
				B59571811FCEC4D2005B7C11 /* AboutYouViewModel.swift */,
				B5AAE27C1FD46592006C6435 /* RegistrationViewModel.swift */,
			);
			path = ViewModels;
			sourceTree = "<group>";
		};
		B5F41E1B1FF7868100C2FB6F /* ErrorHandling */ = {
			isa = PBXGroup;
			children = (
				B5F41E1C1FF786B800C2FB6F /* ASError.swift */,
			);
			path = ErrorHandling;
			sourceTree = "<group>";
		};
		FFC8491F70BAC6E79E13D3D8 /* Frameworks */ = {
			isa = PBXGroup;
			children = (
				3EBAC744FD5FFE42460BD6E0 /* Pods_AlzStudy.framework */,
				CA0BBC8C436EAD210AC7E7EE /* Pods_AlzStudyTests.framework */,
			);
			name = Frameworks;
			sourceTree = "<group>";
		};
/* End PBXGroup section */

/* Begin PBXNativeTarget section */
		9919AFBA1FACEAD3008612A0 /* AlzStudy */ = {
			isa = PBXNativeTarget;
			buildConfigurationList = 9919AFD81FACEAD4008612A0 /* Build configuration list for PBXNativeTarget "AlzStudy" */;
			buildPhases = (
				86D36ED7114015A520A69154 /* [CP] Check Pods Manifest.lock */,
				9919AFB71FACEAD3008612A0 /* Sources */,
				9919AFB81FACEAD3008612A0 /* Frameworks */,
				9919AFB91FACEAD3008612A0 /* Resources */,
				99C1E55E1FB85377008C79B9 /* Embed Frameworks */,
				7784BA0BA24CD5CAF235A919 /* [CP] Embed Pods Frameworks */,
				C37F49F88152E9428CEEA0F1 /* [CP] Copy Pods Resources */,
			);
			buildRules = (
			);
			dependencies = (
			);
			name = AlzStudy;
			productName = AlzStudy;
			productReference = 9919AFBB1FACEAD3008612A0 /* AlzStudy.app */;
			productType = "com.apple.product-type.application";
		};
		9919AFCE1FACEAD4008612A0 /* AlzStudyTests */ = {
			isa = PBXNativeTarget;
			buildConfigurationList = 9919AFDB1FACEAD4008612A0 /* Build configuration list for PBXNativeTarget "AlzStudyTests" */;
			buildPhases = (
				9907768E22BD8EC0EDE87033 /* [CP] Check Pods Manifest.lock */,
				9919AFCB1FACEAD4008612A0 /* Sources */,
				9919AFCC1FACEAD4008612A0 /* Frameworks */,
				9919AFCD1FACEAD4008612A0 /* Resources */,
				4FA17BC02ED3BA5617895CB4 /* [CP] Embed Pods Frameworks */,
				4F905C7A28D6FB67C7FF26C4 /* [CP] Copy Pods Resources */,
			);
			buildRules = (
			);
			dependencies = (
				9919AFD11FACEAD4008612A0 /* PBXTargetDependency */,
			);
			name = AlzStudyTests;
			productName = AlzStudyTests;
			productReference = 9919AFCF1FACEAD4008612A0 /* AlzStudyTests.xctest */;
			productType = "com.apple.product-type.bundle.unit-test";
		};
/* End PBXNativeTarget section */

/* Begin PBXProject section */
		9919AFB31FACEAD3008612A0 /* Project object */ = {
			isa = PBXProject;
			attributes = {
				LastSwiftUpdateCheck = 0900;
				LastUpgradeCheck = 0900;
				ORGANIZATIONNAME = "Dehelean Andrei";
				TargetAttributes = {
					9919AFBA1FACEAD3008612A0 = {
						CreatedOnToolsVersion = 9.0;
						ProvisioningStyle = Automatic;
					};
					9919AFCE1FACEAD4008612A0 = {
						CreatedOnToolsVersion = 9.0;
						ProvisioningStyle = Automatic;
						TestTargetID = 9919AFBA1FACEAD3008612A0;
					};
				};
			};
			buildConfigurationList = 9919AFB61FACEAD3008612A0 /* Build configuration list for PBXProject "AlzStudy" */;
			compatibilityVersion = "Xcode 8.0";
			developmentRegion = en;
			hasScannedForEncodings = 0;
			knownRegions = (
				en,
				Base,
			);
			mainGroup = 9919AFB21FACEAD3008612A0;
			productRefGroup = 9919AFBC1FACEAD3008612A0 /* Products */;
			projectDirPath = "";
			projectRoot = "";
			targets = (
				9919AFBA1FACEAD3008612A0 /* AlzStudy */,
				9919AFCE1FACEAD4008612A0 /* AlzStudyTests */,
			);
		};
/* End PBXProject section */

/* Begin PBXResourcesBuildPhase section */
		9919AFB91FACEAD3008612A0 /* Resources */ = {
			isa = PBXResourcesBuildPhase;
			buildActionMask = 2147483647;
			files = (
				9995B6881FAF7555000AAEFD /* Setup.storyboard in Resources */,
				9969D8B91FAF3CA900196C82 /* Registration.storyboard in Resources */,
				9969D8891FAF1B6A00196C82 /* WalkThrough.storyboard in Resources */,
				B51F121C1FEE84CF00130DEB /* Activities.storyboard in Resources */,
				9919AFC91FACEAD4008612A0 /* LaunchScreen.storyboard in Resources */,
				9919AFC61FACEAD4008612A0 /* Assets.xcassets in Resources */,
				B57B666D1FD47DBA00127B01 /* Today.storyboard in Resources */,
				9919AFC41FACEAD4008612A0 /* Main.storyboard in Resources */,
				B503817C1FF24B3F003265B9 /* Numbers.storyboard in Resources */,
			);
			runOnlyForDeploymentPostprocessing = 0;
		};
		9919AFCD1FACEAD4008612A0 /* Resources */ = {
			isa = PBXResourcesBuildPhase;
			buildActionMask = 2147483647;
			files = (
			);
			runOnlyForDeploymentPostprocessing = 0;
		};
/* End PBXResourcesBuildPhase section */

/* Begin PBXShellScriptBuildPhase section */
		4F905C7A28D6FB67C7FF26C4 /* [CP] Copy Pods Resources */ = {
			isa = PBXShellScriptBuildPhase;
			buildActionMask = 2147483647;
			files = (
			);
			inputPaths = (
			);
			name = "[CP] Copy Pods Resources";
			outputPaths = (
			);
			runOnlyForDeploymentPostprocessing = 0;
			shellPath = /bin/sh;
			shellScript = "\"${SRCROOT}/Pods/Target Support Files/Pods-AlzStudyTests/Pods-AlzStudyTests-resources.sh\"\n";
			showEnvVarsInLog = 0;
		};
		4FA17BC02ED3BA5617895CB4 /* [CP] Embed Pods Frameworks */ = {
			isa = PBXShellScriptBuildPhase;
			buildActionMask = 2147483647;
			files = (
			);
			inputPaths = (
			);
			name = "[CP] Embed Pods Frameworks";
			outputPaths = (
			);
			runOnlyForDeploymentPostprocessing = 0;
			shellPath = /bin/sh;
			shellScript = "\"${SRCROOT}/Pods/Target Support Files/Pods-AlzStudyTests/Pods-AlzStudyTests-frameworks.sh\"\n";
			showEnvVarsInLog = 0;
		};
		7784BA0BA24CD5CAF235A919 /* [CP] Embed Pods Frameworks */ = {
			isa = PBXShellScriptBuildPhase;
			buildActionMask = 2147483647;
			files = (
			);
			inputPaths = (
			);
			name = "[CP] Embed Pods Frameworks";
			outputPaths = (
			);
			runOnlyForDeploymentPostprocessing = 0;
			shellPath = /bin/sh;
			shellScript = "\"${SRCROOT}/Pods/Target Support Files/Pods-AlzStudy/Pods-AlzStudy-frameworks.sh\"\n";
			showEnvVarsInLog = 0;
		};
		86D36ED7114015A520A69154 /* [CP] Check Pods Manifest.lock */ = {
			isa = PBXShellScriptBuildPhase;
			buildActionMask = 2147483647;
			files = (
			);
			inputPaths = (
			);
			name = "[CP] Check Pods Manifest.lock";
			outputPaths = (
			);
			runOnlyForDeploymentPostprocessing = 0;
			shellPath = /bin/sh;
			shellScript = "diff \"${PODS_PODFILE_DIR_PATH}/Podfile.lock\" \"${PODS_ROOT}/Manifest.lock\" > /dev/null\nif [ $? != 0 ] ; then\n    # print error to STDERR\n    echo \"error: The sandbox is not in sync with the Podfile.lock. Run 'pod install' or update your CocoaPods installation.\" >&2\n    exit 1\nfi\n";
			showEnvVarsInLog = 0;
		};
		9907768E22BD8EC0EDE87033 /* [CP] Check Pods Manifest.lock */ = {
			isa = PBXShellScriptBuildPhase;
			buildActionMask = 2147483647;
			files = (
			);
			inputPaths = (
			);
			name = "[CP] Check Pods Manifest.lock";
			outputPaths = (
			);
			runOnlyForDeploymentPostprocessing = 0;
			shellPath = /bin/sh;
			shellScript = "diff \"${PODS_PODFILE_DIR_PATH}/Podfile.lock\" \"${PODS_ROOT}/Manifest.lock\" > /dev/null\nif [ $? != 0 ] ; then\n    # print error to STDERR\n    echo \"error: The sandbox is not in sync with the Podfile.lock. Run 'pod install' or update your CocoaPods installation.\" >&2\n    exit 1\nfi\n";
			showEnvVarsInLog = 0;
		};
		C37F49F88152E9428CEEA0F1 /* [CP] Copy Pods Resources */ = {
			isa = PBXShellScriptBuildPhase;
			buildActionMask = 2147483647;
			files = (
			);
			inputPaths = (
			);
			name = "[CP] Copy Pods Resources";
			outputPaths = (
			);
			runOnlyForDeploymentPostprocessing = 0;
			shellPath = /bin/sh;
			shellScript = "\"${SRCROOT}/Pods/Target Support Files/Pods-AlzStudy/Pods-AlzStudy-resources.sh\"\n";
			showEnvVarsInLog = 0;
		};
/* End PBXShellScriptBuildPhase section */

/* Begin PBXSourcesBuildPhase section */
		9919AFB71FACEAD3008612A0 /* Sources */ = {
			isa = PBXSourcesBuildPhase;
			buildActionMask = 2147483647;
			files = (
				99A34EFE1FB8954A00F33BCF /* ValueCellDataSource.swift in Sources */,
				99C1E6EB1FB858BC008C79B9 /* RootScreenService.swift in Sources */,
				99C5E0831FD5CE7C00CEF351 /* PNGenericChart.swift in Sources */,
				B5AAE2791FD46272006C6435 /* RegistrationViewController.swift in Sources */,
				9969D8B41FAF3AC500196C82 /* LocalStorage.swift in Sources */,
				B5AAE2751FD45523006C6435 /* DatabaseGateway.swift in Sources */,
				B503816E1FEFB2A8003265B9 /* UICollectionViewCell+Animations.swift in Sources */,
				99B449FF1FD5C3F7009821C1 /* TakeWhen.swift in Sources */,
				B59571941FCECDB6005B7C11 /* AboutYouFormFactory.swift in Sources */,
				B503817E1FF24D30003265B9 /* NumbersViewController.swift in Sources */,
				99C5E08B1FD5CE7C00CEF351 /* PNLineChartData.swift in Sources */,
				B59571861FCEC7F9005B7C11 /* MapConst.swift in Sources */,
				99C5E08A1FD5CE7C00CEF351 /* PNValue.swift in Sources */,
				B50381821FF24F4F003265B9 /* NumbersTaskViewModel.swift in Sources */,
				99B44A031FD5C6CB009821C1 /* TodayViewController.swift in Sources */,
				B51F12201FEEBD8400130DEB /* TaskCell.swift in Sources */,
				99C1E6BC1FB856B6008C79B9 /* ObserveForUI.swift in Sources */,
				B5AAE2771FD455C0006C6435 /* CurrentUser.swift in Sources */,
				99A34EFC1FB894C200F33BCF /* CardsFactory.swift in Sources */,
				B5AAE2731FD4520A006C6435 /* ToolbarViewFactory.swift in Sources */,
				99C1E6EF1FB8595D008C79B9 /* AppEnvironment.swift in Sources */,
				B503819E1FF5218D003265B9 /* ServiceProvider.swift in Sources */,
				B51F121E1FEE84EE00130DEB /* ActivitiesViewController.swift in Sources */,
				9969D8BE1FAF407300196C82 /* QuestionViewController.swift in Sources */,
				9969D8BB1FAF3DCB00196C82 /* ContainerViewController.swift in Sources */,
				B51F12241FEEBFC600130DEB /* ActivitiesViewModel.swift in Sources */,
				9992E3EA1FED3D6600DF3F3E /* FirebaseConfigService.swift in Sources */,
				9969D8901FAF1BC800196C82 /* Protocols.swift in Sources */,
				9919AFBF1FACEAD4008612A0 /* AppDelegate.swift in Sources */,
				B59571841FCEC6BB005B7C11 /* InfoCellViewModel.swift in Sources */,
				99C5E0891FD5CE7C00CEF351 /* PNChartLabel.swift in Sources */,
				B51F12281FEEC12E00130DEB /* TaskCellViewModel.swift in Sources */,
				B50381971FF2B57F003265B9 /* IgnoreValues.swift in Sources */,
				995C3CEC1FDE7FD700D2FD38 /* AboutYouData.swift in Sources */,
				99C1E6ED1FB85954008C79B9 /* Environment.swift in Sources */,
				9969D8871FAF1B1900196C82 /* CardsDataSource.swift in Sources */,
				B59571821FCEC4D2005B7C11 /* AboutYouViewModel.swift in Sources */,
				B50381841FF250FF003265B9 /* RandomSequenceGenerator.swift in Sources */,
				99C5E0851FD5CE7C00CEF351 /* PNLineChartDataItem.swift in Sources */,
				995C3CEA1FDE7CF400D2FD38 /* HelperMethods.swift in Sources */,
				99FD17C31FAF6FAE009D320A /* RegistrationViewController2.swift in Sources */,
				99C5E0841FD5CE7C00CEF351 /* PNBarChart.swift in Sources */,
				99C5E0881FD5CE7C00CEF351 /* PNPieChartDataItem.swift in Sources */,
				995C3CE81FDE7B8100D2FD38 /* JoinButtonResponder.swift in Sources */,
				99B44A011FD5C4C1009821C1 /* WithLatestFrom.swift in Sources */,
				B50381731FEFD10B003265B9 /* UIResponder+Extension.swift in Sources */,
				B51F12111FEE81E100130DEB /* Test.swift in Sources */,
				B51F12131FEE82B800130DEB /* DailyTask.swift in Sources */,
				B51F120F1FEE814400130DEB /* TaskType.swift in Sources */,
				B5F41E291FF7887F00C2FB6F /* Values.swift in Sources */,
				B50381931FF29AF5003265B9 /* RoundedBorderButton.swift in Sources */,
				9995B6931FAF7B61000AAEFD /* ParameterViewData.swift in Sources */,
				9969D8C01FAF508500196C82 /* ConsentViewController.swift in Sources */,
				B503816C1FEFAE8C003265B9 /* UIView+Shadow.swift in Sources */,
				99A34EFA1FB8925200F33BCF /* BaseViewController.swift in Sources */,
				B50381871FF25A57003265B9 /* TrialsView.swift in Sources */,
				99DBCEDA1FC1A17A004CA222 /* CardCellViewModel.swift in Sources */,
				9969D8971FAF243800196C82 /* CardViewData.swift in Sources */,
				99C5E08D1FD5CE7C00CEF351 /* PNLineChart.swift in Sources */,
				B50381711FEFD051003265B9 /* DailyTaskService.swift in Sources */,
				9969D8AF1FAF2E9500196C82 /* UIColor.swift in Sources */,
				B50381991FF2B662003265B9 /* UIAlertController.swift in Sources */,
				B50381951FF2A640003265B9 /* Keyboard.swift in Sources */,
				99C5E08C1FD5CE7C00CEF351 /* PNColor.swift in Sources */,
				99A34F001FB8956200F33BCF /* ValueCell.swift in Sources */,
				9969D8941FAF235100196C82 /* CollectionView+Extensions.swift in Sources */,
				B503819C1FF4FCCE003265B9 /* LocalNotificationsService.swift in Sources */,
				9969D8851FAF1AEB00196C82 /* WalkThroughViewController.swift in Sources */,
				B5AAE27D1FD46592006C6435 /* RegistrationViewModel.swift in Sources */,
				9969D8B11FAF2EE900196C82 /* Theme.swift in Sources */,
				99A34EF71FB8913400F33BCF /* WalkThroughViewModel.swift in Sources */,
				99C5E0861FD5CE7C00CEF351 /* PNBar.swift in Sources */,
				9969D89D1FAF25A100196C82 /* CardViewCell.swift in Sources */,
				9995B68E1FAF78DA000AAEFD /* InfoCell.swift in Sources */,
				9995B68A1FAF7571000AAEFD /* AboutYouViewController.swift in Sources */,
				B51F12221FEEBD9500130DEB /* DateCell.swift in Sources */,
				B5F41E2B1FF7896500C2FB6F /* Errors.swift in Sources */,
				9969D89F1FAF27CE00196C82 /* Storyboard.swift in Sources */,
				B5F41E1D1FF786B800C2FB6F /* ASError.swift in Sources */,
				99C5E0871FD5CE7C00CEF351 /* PNPieChart.swift in Sources */,
				B503816A1FEFAD12003265B9 /* AppearanceService.swift in Sources */,
				B59571921FCECC6C005B7C11 /* AboutYouDataSource.swift in Sources */,
				99A34EF41FB87B3700F33BCF /* Auth.swift in Sources */,
				B51F12261FEEC02E00130DEB /* ActivitiesDataSource.swift in Sources */,
			);
			runOnlyForDeploymentPostprocessing = 0;
		};
		9919AFCB1FACEAD4008612A0 /* Sources */ = {
			isa = PBXSourcesBuildPhase;
			buildActionMask = 2147483647;
			files = (
				9919AFD41FACEAD4008612A0 /* AlzStudyTests.swift in Sources */,
			);
			runOnlyForDeploymentPostprocessing = 0;
		};
/* End PBXSourcesBuildPhase section */

/* Begin PBXTargetDependency section */
		9919AFD11FACEAD4008612A0 /* PBXTargetDependency */ = {
			isa = PBXTargetDependency;
			target = 9919AFBA1FACEAD3008612A0 /* AlzStudy */;
			targetProxy = 9919AFD01FACEAD4008612A0 /* PBXContainerItemProxy */;
		};
/* End PBXTargetDependency section */

/* Begin PBXVariantGroup section */
		9919AFC21FACEAD4008612A0 /* Main.storyboard */ = {
			isa = PBXVariantGroup;
			children = (
				9919AFC31FACEAD4008612A0 /* Base */,
			);
			name = Main.storyboard;
			sourceTree = "<group>";
		};
		9919AFC71FACEAD4008612A0 /* LaunchScreen.storyboard */ = {
			isa = PBXVariantGroup;
			children = (
				9919AFC81FACEAD4008612A0 /* Base */,
			);
			name = LaunchScreen.storyboard;
			sourceTree = "<group>";
		};
/* End PBXVariantGroup section */

/* Begin XCBuildConfiguration section */
		9919AFD61FACEAD4008612A0 /* Debug */ = {
			isa = XCBuildConfiguration;
			buildSettings = {
				ALWAYS_SEARCH_USER_PATHS = NO;
				CLANG_ANALYZER_NONNULL = YES;
				CLANG_ANALYZER_NUMBER_OBJECT_CONVERSION = YES_AGGRESSIVE;
				CLANG_CXX_LANGUAGE_STANDARD = "gnu++14";
				CLANG_CXX_LIBRARY = "libc++";
				CLANG_ENABLE_MODULES = YES;
				CLANG_ENABLE_OBJC_ARC = YES;
				CLANG_WARN_BLOCK_CAPTURE_AUTORELEASING = YES;
				CLANG_WARN_BOOL_CONVERSION = YES;
				CLANG_WARN_COMMA = YES;
				CLANG_WARN_CONSTANT_CONVERSION = YES;
				CLANG_WARN_DIRECT_OBJC_ISA_USAGE = YES_ERROR;
				CLANG_WARN_DOCUMENTATION_COMMENTS = YES;
				CLANG_WARN_EMPTY_BODY = YES;
				CLANG_WARN_ENUM_CONVERSION = YES;
				CLANG_WARN_INFINITE_RECURSION = YES;
				CLANG_WARN_INT_CONVERSION = YES;
				CLANG_WARN_NON_LITERAL_NULL_CONVERSION = YES;
				CLANG_WARN_OBJC_LITERAL_CONVERSION = YES;
				CLANG_WARN_OBJC_ROOT_CLASS = YES_ERROR;
				CLANG_WARN_RANGE_LOOP_ANALYSIS = YES;
				CLANG_WARN_STRICT_PROTOTYPES = YES;
				CLANG_WARN_SUSPICIOUS_MOVE = YES;
				CLANG_WARN_UNGUARDED_AVAILABILITY = YES_AGGRESSIVE;
				CLANG_WARN_UNREACHABLE_CODE = YES;
				CLANG_WARN__DUPLICATE_METHOD_MATCH = YES;
				CODE_SIGN_IDENTITY = "iPhone Developer";
				COPY_PHASE_STRIP = NO;
				DEBUG_INFORMATION_FORMAT = dwarf;
				ENABLE_STRICT_OBJC_MSGSEND = YES;
				ENABLE_TESTABILITY = YES;
				GCC_C_LANGUAGE_STANDARD = gnu11;
				GCC_DYNAMIC_NO_PIC = NO;
				GCC_NO_COMMON_BLOCKS = YES;
				GCC_OPTIMIZATION_LEVEL = 0;
				GCC_PREPROCESSOR_DEFINITIONS = (
					"DEBUG=1",
					"$(inherited)",
				);
				GCC_WARN_64_TO_32_BIT_CONVERSION = YES;
				GCC_WARN_ABOUT_RETURN_TYPE = YES_ERROR;
				GCC_WARN_UNDECLARED_SELECTOR = YES;
				GCC_WARN_UNINITIALIZED_AUTOS = YES_AGGRESSIVE;
				GCC_WARN_UNUSED_FUNCTION = YES;
				GCC_WARN_UNUSED_VARIABLE = YES;
				IPHONEOS_DEPLOYMENT_TARGET = 11.0;
				MTL_ENABLE_DEBUG_INFO = YES;
				ONLY_ACTIVE_ARCH = YES;
				SDKROOT = iphoneos;
				SWIFT_ACTIVE_COMPILATION_CONDITIONS = DEBUG;
				SWIFT_OPTIMIZATION_LEVEL = "-Onone";
			};
			name = Debug;
		};
		9919AFD71FACEAD4008612A0 /* Release */ = {
			isa = XCBuildConfiguration;
			buildSettings = {
				ALWAYS_SEARCH_USER_PATHS = NO;
				CLANG_ANALYZER_NONNULL = YES;
				CLANG_ANALYZER_NUMBER_OBJECT_CONVERSION = YES_AGGRESSIVE;
				CLANG_CXX_LANGUAGE_STANDARD = "gnu++14";
				CLANG_CXX_LIBRARY = "libc++";
				CLANG_ENABLE_MODULES = YES;
				CLANG_ENABLE_OBJC_ARC = YES;
				CLANG_WARN_BLOCK_CAPTURE_AUTORELEASING = YES;
				CLANG_WARN_BOOL_CONVERSION = YES;
				CLANG_WARN_COMMA = YES;
				CLANG_WARN_CONSTANT_CONVERSION = YES;
				CLANG_WARN_DIRECT_OBJC_ISA_USAGE = YES_ERROR;
				CLANG_WARN_DOCUMENTATION_COMMENTS = YES;
				CLANG_WARN_EMPTY_BODY = YES;
				CLANG_WARN_ENUM_CONVERSION = YES;
				CLANG_WARN_INFINITE_RECURSION = YES;
				CLANG_WARN_INT_CONVERSION = YES;
				CLANG_WARN_NON_LITERAL_NULL_CONVERSION = YES;
				CLANG_WARN_OBJC_LITERAL_CONVERSION = YES;
				CLANG_WARN_OBJC_ROOT_CLASS = YES_ERROR;
				CLANG_WARN_RANGE_LOOP_ANALYSIS = YES;
				CLANG_WARN_STRICT_PROTOTYPES = YES;
				CLANG_WARN_SUSPICIOUS_MOVE = YES;
				CLANG_WARN_UNGUARDED_AVAILABILITY = YES_AGGRESSIVE;
				CLANG_WARN_UNREACHABLE_CODE = YES;
				CLANG_WARN__DUPLICATE_METHOD_MATCH = YES;
				CODE_SIGN_IDENTITY = "iPhone Developer";
				COPY_PHASE_STRIP = NO;
				DEBUG_INFORMATION_FORMAT = "dwarf-with-dsym";
				ENABLE_NS_ASSERTIONS = NO;
				ENABLE_STRICT_OBJC_MSGSEND = YES;
				GCC_C_LANGUAGE_STANDARD = gnu11;
				GCC_NO_COMMON_BLOCKS = YES;
				GCC_WARN_64_TO_32_BIT_CONVERSION = YES;
				GCC_WARN_ABOUT_RETURN_TYPE = YES_ERROR;
				GCC_WARN_UNDECLARED_SELECTOR = YES;
				GCC_WARN_UNINITIALIZED_AUTOS = YES_AGGRESSIVE;
				GCC_WARN_UNUSED_FUNCTION = YES;
				GCC_WARN_UNUSED_VARIABLE = YES;
				IPHONEOS_DEPLOYMENT_TARGET = 11.0;
				MTL_ENABLE_DEBUG_INFO = NO;
				SDKROOT = iphoneos;
				SWIFT_OPTIMIZATION_LEVEL = "-Owholemodule";
				VALIDATE_PRODUCT = YES;
			};
			name = Release;
		};
		9919AFD91FACEAD4008612A0 /* Debug */ = {
			isa = XCBuildConfiguration;
			baseConfigurationReference = D45208CDADD2977D10B578CD /* Pods-AlzStudy.debug.xcconfig */;
			buildSettings = {
				ASSETCATALOG_COMPILER_APPICON_NAME = AppIcon;
				CODE_SIGN_STYLE = Automatic;
				DEVELOPMENT_TEAM = H6DVJBYLVG;
				INFOPLIST_FILE = "$(SRCROOT)/AlzStudy/Supporting Files/Info.plist";
				LD_RUNPATH_SEARCH_PATHS = "$(inherited) @executable_path/Frameworks";
				PRODUCT_BUNDLE_IDENTIFIER = andid3.AlzStudy;
				PRODUCT_NAME = "$(TARGET_NAME)";
				SWIFT_VERSION = 4.0;
				TARGETED_DEVICE_FAMILY = 1;
			};
			name = Debug;
		};
		9919AFDA1FACEAD4008612A0 /* Release */ = {
			isa = XCBuildConfiguration;
			baseConfigurationReference = 66133CC350436A078D1C5CB9 /* Pods-AlzStudy.release.xcconfig */;
			buildSettings = {
				ASSETCATALOG_COMPILER_APPICON_NAME = AppIcon;
				CODE_SIGN_STYLE = Automatic;
				DEVELOPMENT_TEAM = H6DVJBYLVG;
				INFOPLIST_FILE = "$(SRCROOT)/AlzStudy/Supporting Files/Info.plist";
				LD_RUNPATH_SEARCH_PATHS = "$(inherited) @executable_path/Frameworks";
				PRODUCT_BUNDLE_IDENTIFIER = andid3.AlzStudy;
				PRODUCT_NAME = "$(TARGET_NAME)";
				SWIFT_VERSION = 4.0;
				TARGETED_DEVICE_FAMILY = 1;
			};
			name = Release;
		};
		9919AFDC1FACEAD4008612A0 /* Debug */ = {
			isa = XCBuildConfiguration;
			baseConfigurationReference = 14734DB7A59B6F2754A49BF9 /* Pods-AlzStudyTests.debug.xcconfig */;
			buildSettings = {
				ALWAYS_EMBED_SWIFT_STANDARD_LIBRARIES = YES;
				BUNDLE_LOADER = "$(TEST_HOST)";
				CODE_SIGN_STYLE = Automatic;
				DEVELOPMENT_TEAM = Q4H5VCA4SE;
				INFOPLIST_FILE = AlzStudyTests/Info.plist;
				LD_RUNPATH_SEARCH_PATHS = "$(inherited) @executable_path/Frameworks @loader_path/Frameworks";
				PRODUCT_BUNDLE_IDENTIFIER = andid.AlzStudyTests;
				PRODUCT_NAME = "$(TARGET_NAME)";
				SWIFT_VERSION = 4.0;
				TARGETED_DEVICE_FAMILY = "1,2";
				TEST_HOST = "$(BUILT_PRODUCTS_DIR)/AlzStudy.app/AlzStudy";
			};
			name = Debug;
		};
		9919AFDD1FACEAD4008612A0 /* Release */ = {
			isa = XCBuildConfiguration;
			baseConfigurationReference = 1F75D17A2FF78397B3A74FC1 /* Pods-AlzStudyTests.release.xcconfig */;
			buildSettings = {
				ALWAYS_EMBED_SWIFT_STANDARD_LIBRARIES = YES;
				BUNDLE_LOADER = "$(TEST_HOST)";
				CODE_SIGN_STYLE = Automatic;
				DEVELOPMENT_TEAM = Q4H5VCA4SE;
				INFOPLIST_FILE = AlzStudyTests/Info.plist;
				LD_RUNPATH_SEARCH_PATHS = "$(inherited) @executable_path/Frameworks @loader_path/Frameworks";
				PRODUCT_BUNDLE_IDENTIFIER = andid.AlzStudyTests;
				PRODUCT_NAME = "$(TARGET_NAME)";
				SWIFT_VERSION = 4.0;
				TARGETED_DEVICE_FAMILY = "1,2";
				TEST_HOST = "$(BUILT_PRODUCTS_DIR)/AlzStudy.app/AlzStudy";
			};
			name = Release;
		};
/* End XCBuildConfiguration section */

/* Begin XCConfigurationList section */
		9919AFB61FACEAD3008612A0 /* Build configuration list for PBXProject "AlzStudy" */ = {
			isa = XCConfigurationList;
			buildConfigurations = (
				9919AFD61FACEAD4008612A0 /* Debug */,
				9919AFD71FACEAD4008612A0 /* Release */,
			);
			defaultConfigurationIsVisible = 0;
			defaultConfigurationName = Release;
		};
		9919AFD81FACEAD4008612A0 /* Build configuration list for PBXNativeTarget "AlzStudy" */ = {
			isa = XCConfigurationList;
			buildConfigurations = (
				9919AFD91FACEAD4008612A0 /* Debug */,
				9919AFDA1FACEAD4008612A0 /* Release */,
			);
			defaultConfigurationIsVisible = 0;
			defaultConfigurationName = Release;
		};
		9919AFDB1FACEAD4008612A0 /* Build configuration list for PBXNativeTarget "AlzStudyTests" */ = {
			isa = XCConfigurationList;
			buildConfigurations = (
				9919AFDC1FACEAD4008612A0 /* Debug */,
				9919AFDD1FACEAD4008612A0 /* Release */,
			);
			defaultConfigurationIsVisible = 0;
			defaultConfigurationName = Release;
		};
/* End XCConfigurationList section */
	};
	rootObject = 9919AFB31FACEAD3008612A0 /* Project object */;
}
